
Microsoft Visual Studio Solution File, Format Version 12.00
# Visual Studio Version 16
VisualStudioVersion = 16.0.30611.23
MinimumVisualStudioVersion = 10.0.40219.1
Project("{FAE04EC0-301F-11D3-BF4B-00C04F79EFBC}") = "EternalThief", "EternalThief\EternalThief.csproj", "{3B29C38A-E8B5-41D1-816E-9581276768FF}"
EndProject
Global
	GlobalSection(SolutionConfigurationPlatforms) = preSolution
		Debug|Any CPU = Debug|Any CPU
		Release|Any CPU = Release|Any CPU
	EndGlobalSection
	GlobalSection(ProjectConfigurationPlatforms) = postSolution
		{3B29C38A-E8B5-41D1-816E-9581276768FF}.Debug|Any CPU.ActiveCfg = Debug|Any CPU
		{3B29C38A-E8B5-41D1-816E-9581276768FF}.Debug|Any CPU.Build.0 = Debug|Any CPU
		{3B29C38A-E8B5-41D1-816E-9581276768FF}.Release|Any CPU.ActiveCfg = Release|Any CPU
		{3B29C38A-E8B5-41D1-816E-9581276768FF}.Release|Any CPU.Build.0 = Release|Any CPU
	EndGlobalSection
	GlobalSection(SolutionProperties) = preSolution
		HideSolutionNode = FALSE
	EndGlobalSection
	GlobalSection(ExtensibilityGlobals) = postSolution
		SolutionGuid = {D04FC5AC-401F-4610-A851-DE2492A4C353}
	EndGlobalSection
EndGlobal
